
Microsoft Visual Studio Solution File, Format Version 12.00
# Visual Studio 2013
VisualStudioVersion = 12.0.40629.0
MinimumVisualStudioVersion = 10.0.40219.1
Project("{FAE04EC0-301F-11D3-BF4B-00C04F79EFBC}") = "Namensliste.Gui", "Namensliste.Gui\Namensliste.Gui.csproj", "{F139553A-ACF4-425D-99C9-D255B0B88F2C}"
EndProject
Global
	GlobalSection(SolutionConfigurationPlatforms) = preSolution
		Debug|Any CPU = Debug|Any CPU
		Release|Any CPU = Release|Any CPU
	EndGlobalSection
	GlobalSection(ProjectConfigurationPlatforms) = postSolution
		{F139553A-ACF4-425D-99C9-D255B0B88F2C}.Debug|Any CPU.ActiveCfg = Debug|Any CPU
		{F139553A-ACF4-425D-99C9-D255B0B88F2C}.Debug|Any CPU.Build.0 = Debug|Any CPU
		{F139553A-ACF4-425D-99C9-D255B0B88F2C}.Release|Any CPU.ActiveCfg = Release|Any CPU
		{F139553A-ACF4-425D-99C9-D255B0B88F2C}.Release|Any CPU.Build.0 = Release|Any CPU
	EndGlobalSection
	GlobalSection(SolutionProperties) = preSolution
		HideSolutionNode = FALSE
	EndGlobalSection
EndGlobal
